%{"exactor": {:package, "0.6.0"},
  "excoveralls": {:package, "0.3.1"},
  "exvcr": {:package, "0.3.0"},
  "httpotion": {:package, "0.2.4"},
  "jsex": {:package, "2.0.0"},
  "json": {:git, "git://github.com/cblage/elixir-json.git", "725ea02b992aba35c18d0e9c7c3da54689670baf", []},
  "jsx": {:package, "2.0.4"},
  "meck": {:git, "git://github.com/eproxus/meck.git", "dde759050eff19a1a80fd854d7375174b191665d", [tag: "0.8.2"]},
  "mock": {:git, "git://github.com/jjh42/mock.git", "275109db347caf3449b6d123bd4da720fb08b28e", []},
  "oauth": {:git, "git://github.com/tim/erlang-oauth.git", "3ad509d487a72f9437fef31a379bf3cfeeb166a2", []}}
