%{"exactor": {:package, "0.7.0"},
  "excoveralls": {:package, "0.3.3"},
  "exvcr": {:package, "0.3.2"},
  "hackney": {:package, "0.13.1"},
  "httpoison": {:package, "0.4.2"},
  "httpotion": {:package, "0.2.4"},
  "idna": {:package, "1.0.1"},
  "jsex": {:package, "2.0.0"},
  "json": {:git, "git://github.com/cblage/elixir-json.git", "725ea02b992aba35c18d0e9c7c3da54689670baf", []},
  "jsx": {:package, "2.1.1"},
  "meck": {:package, "0.8.2"},
  "mock": {:git, "git://github.com/parroty/mock.git", "33d095a9b028f9f97f6d506ae6b2feb34630fdc5", [branch: "fix"]},
  "oauth": {:git, "git://github.com/tim/erlang-oauth.git", "2ee206ea921722893200a0ad534c6b6130233325", []}}
