%{"benchfella": {:git, "https://github.com/alco/benchfella.git", "9513b94538fd3df28d12e3b999d397658146c005", []},
  "certifi": {:hex, :certifi, "0.3.0"},
  "combine": {:hex, :combine, "0.5.2"},
  "earmark": {:hex, :earmark, "0.1.19"},
  "ex_doc": {:hex, :ex_doc, "0.11.2"},
  "exactor": {:hex, :exactor, "2.2.0"},
  "excoveralls": {:hex, :excoveralls, "0.4.0"},
  "exjsx": {:hex, :exjsx, "3.2.0"},
  "exvcr": {:hex, :exvcr, "0.6.1"},
  "hackney": {:hex, :hackney, "1.4.7"},
  "httpoison": {:hex, :httpoison, "0.7.1"},
  "httpotion": {:hex, :httpotion, "0.2.4"},
  "idna": {:hex, :idna, "1.0.2"},
  "inch_ex": {:hex, :inch_ex, "0.4.0"},
  "jsex": {:hex, :jsex, "2.0.0"},
  "json": {:git, "git://github.com/cblage/elixir-json.git", "725ea02b992aba35c18d0e9c7c3da54689670baf", []},
  "jsx": {:hex, :jsx, "2.6.2"},
  "meck": {:hex, :meck, "0.8.3"},
  "mimerl": {:hex, :mimerl, "1.0.2"},
  "mock": {:git, "https://github.com/parroty/mock.git", "33d095a9b028f9f97f6d506ae6b2feb34630fdc5", [branch: "fix"]},
  "oauth": {:git, "https://github.com/parroty/erlang-oauth.git", "4ad3ab0c37bed30c45dc29790c65fb7789263126", [branch: "proxy"]},
  "poison": {:hex, :poison, "1.5.0"},
  "ssl_verify_hostname": {:hex, :ssl_verify_hostname, "1.0.5"},
  "timex": {:hex, :timex, "0.19.2"},
  "tzdata": {:hex, :tzdata, "0.1.7"}}
